# THIS IS AN AUTOGENERATED FILE. DO NOT EDIT THIS FILE DIRECTLY.
# yarn lockfile v1


jcanvas@^20.1.4:
  version "20.1.4"
  resolved "https://registry.yarnpkg.com/jcanvas/-/jcanvas-20.1.4.tgz#b78896828cf521642aff060f42494f693ebb8224"
  dependencies:
    jquery "^2.2.4"

jquery@^2.2.4:
  version "2.2.4"
  resolved "https://registry.yarnpkg.com/jquery/-/jquery-2.2.4.tgz#2c89d6889b5eac522a7eea32c14521559c6cbf02"
